
Microsoft Visual Studio Solution File, Format Version 12.00
# Visual Studio Version 16
VisualStudioVersion = 16.0.29418.71
MinimumVisualStudioVersion = 10.0.40219.1
Project("{FAE04EC0-301F-11D3-BF4B-00C04F79EFBC}") = "api", "api.csproj", "{D457195C-CCE5-479F-BE58-C4D05B998036}"
EndProject
Global
	GlobalSection(SolutionConfigurationPlatforms) = preSolution
		Debug|Any CPU = Debug|Any CPU
		Release|Any CPU = Release|Any CPU
	EndGlobalSection
	GlobalSection(ProjectConfigurationPlatforms) = postSolution
		{D457195C-CCE5-479F-BE58-C4D05B998036}.Debug|Any CPU.ActiveCfg = Debug|Any CPU
		{D457195C-CCE5-479F-BE58-C4D05B998036}.Debug|Any CPU.Build.0 = Debug|Any CPU
		{D457195C-CCE5-479F-BE58-C4D05B998036}.Release|Any CPU.ActiveCfg = Release|Any CPU
		{D457195C-CCE5-479F-BE58-C4D05B998036}.Release|Any CPU.Build.0 = Release|Any CPU
	EndGlobalSection
	GlobalSection(SolutionProperties) = preSolution
		HideSolutionNode = FALSE
	EndGlobalSection
	GlobalSection(ExtensibilityGlobals) = postSolution
		SolutionGuid = {8257EA1D-7265-4443-9FDB-A1E0B80BB2A6}
	EndGlobalSection
EndGlobal
